
Microsoft Visual Studio Solution File, Format Version 12.00
# Visual Studio 15
VisualStudioVersion = 15.0.26730.8
MinimumVisualStudioVersion = 10.0.40219.1
Project("{FAE04EC0-301F-11D3-BF4B-00C04F79EFBC}") = "TrainingASPDotNet", "TrainingASPDotNet\TrainingASPDotNet.csproj", "{01F9A238-8720-4032-8471-21EAE280D81A}"
EndProject
Global
	GlobalSection(SolutionConfigurationPlatforms) = preSolution
		Debug|Any CPU = Debug|Any CPU
		Release|Any CPU = Release|Any CPU
	EndGlobalSection
	GlobalSection(ProjectConfigurationPlatforms) = postSolution
		{01F9A238-8720-4032-8471-21EAE280D81A}.Debug|Any CPU.ActiveCfg = Debug|Any CPU
		{01F9A238-8720-4032-8471-21EAE280D81A}.Debug|Any CPU.Build.0 = Debug|Any CPU
		{01F9A238-8720-4032-8471-21EAE280D81A}.Release|Any CPU.ActiveCfg = Release|Any CPU
		{01F9A238-8720-4032-8471-21EAE280D81A}.Release|Any CPU.Build.0 = Release|Any CPU
	EndGlobalSection
	GlobalSection(SolutionProperties) = preSolution
		HideSolutionNode = FALSE
	EndGlobalSection
	GlobalSection(ExtensibilityGlobals) = postSolution
		SolutionGuid = {DCBFB26A-F8AC-496D-8C82-2B4D50068578}
	EndGlobalSection
EndGlobal
